{
  "version": 4,
  "terraform_version": "1.5.5",
  "serial": 56,
  "lineage": "343154e9-add6-ff9e-11b7-0742e28769c0",
  "outputs": {
    "artifact_registry_repo": {
      "value": "bitbrat-services",
      "type": "string"
    },
    "build_sa_email": {
      "value": "cloud-build-bb@twitch-452523.iam.gserviceaccount.com",
      "type": "string"
    },
    "oauth_flow_service": {
      "value": {
        "name": "oauth-flow",
        "uri": "https://oauth-flow-rqvvursllq-uc.a.run.app"
      },
      "type": [
        "object",
        {
          "name": "string",
          "uri": "string"
        }
      ]
    },
    "runtime_sa_email": {
      "value": "run-oauth-flow@twitch-452523.iam.gserviceaccount.com",
      "type": "string"
    }
  },
  "resources": [
    {
      "module": "module.repo",
      "mode": "managed",
      "type": "google_artifact_registry_repository",
      "name": "this",
      "provider": "provider[\"registry.terraform.io/hashicorp/google\"]",
      "instances": [
        {
          "schema_version": 0,
          "attributes": {
            "cleanup_policies": [],
            "cleanup_policy_dry_run": false,
            "create_time": "2025-11-07T03:47:23.342793Z",
            "description": "BitBrat container images",
            "docker_config": [],
            "effective_labels": {
              "goog-terraform-provisioned": "true"
            },
            "format": "DOCKER",
            "id": "projects/twitch-452523/locations/us-central1/repositories/bitbrat-services",
            "kms_key_name": "",
            "labels": {},
            "location": "us-central1",
            "maven_config": [],
            "mode": "STANDARD_REPOSITORY",
            "name": "bitbrat-services",
            "project": "twitch-452523",
            "registry_uri": "us-central1-docker.pkg.dev/twitch-452523/bitbrat-services",
            "remote_repository_config": [],
            "repository_id": "bitbrat-services",
            "terraform_labels": {
              "goog-terraform-provisioned": "true"
            },
            "timeouts": null,
            "update_time": "2025-11-11T15:44:11.420292Z",
            "virtual_repository_config": [],
            "vulnerability_scanning_config": [
              {
                "enablement_config": "",
                "enablement_state": "SCANNING_DISABLED",
                "enablement_state_reason": "API containerscanning.googleapis.com is not enabled."
              }
            ]
          },
          "sensitive_attributes": [],
          "private": "eyJlMmJmYjczMC1lY2FhLTExZTYtOGY4OC0zNDM2M2JjN2M0YzAiOnsiY3JlYXRlIjoxMjAwMDAwMDAwMDAwLCJkZWxldGUiOjEyMDAwMDAwMDAwMDAsInVwZGF0ZSI6MTIwMDAwMDAwMDAwMH19"
        }
      ]
    },
    {
      "module": "module.run_oauth",
      "mode": "managed",
      "type": "google_cloud_run_v2_service",
      "name": "this",
      "provider": "provider[\"registry.terraform.io/hashicorp/google\"]",
      "instances": [
        {
          "status": "tainted",
          "schema_version": 0,
          "attributes": {
            "annotations": null,
            "binary_authorization": [],
            "build_config": [],
            "client": null,
            "client_version": null,
            "conditions": null,
            "create_time": null,
            "creator": null,
            "custom_audiences": null,
            "default_uri_disabled": null,
            "delete_time": null,
            "deletion_protection": false,
            "description": null,
            "effective_annotations": null,
            "effective_labels": {
              "goog-terraform-provisioned": "true"
            },
            "etag": null,
            "expire_time": null,
            "generation": null,
            "id": "projects/twitch-452523/locations/us-central1/services/ingres-egress",
            "ingress": "INGRESS_TRAFFIC_ALL",
            "invoker_iam_disabled": null,
            "labels": null,
            "last_modifier": null,
            "latest_created_revision": null,
            "latest_ready_revision": null,
            "launch_stage": null,
            "location": "us-central1",
            "multi_region_settings": [],
            "name": "ingres-egress",
            "observed_generation": null,
            "project": "twitch-452523",
            "reconciling": null,
            "scaling": [],
            "template": [
              {
                "annotations": null,
                "containers": [
                  {
                    "args": null,
                    "base_image_uri": "",
                    "build_info": [],
                    "command": null,
                    "depends_on": null,
                    "env": [
                      {
                        "name": "BUS_PREFIX",
                        "value": "prod.",
                        "value_source": []
                      },
                      {
                        "name": "LOG_LEVEL",
                        "value": "info",
                        "value_source": []
                      },
                      {
                        "name": "MESSAGE_BUS_DRIVER",
                        "value": "pubsub",
                        "value_source": []
                      },
                      {
                        "name": "NATS_URL",
                        "value": "",
                        "value_source": []
                      },
                      {
                        "name": "SERVICE_NAME",
                        "value": "ingres-egress",
                        "value_source": []
                      },
                      {
                        "name": "SERVICE_PORT",
                        "value": "3000",
                        "value_source": []
                      }
                    ],
                    "image": "us-central1-docker.pkg.dev/twitch-452523/bitbrat-services/ingres-egress:latest",
                    "liveness_probe": [],
                    "name": "",
                    "ports": [
                      {
                        "container_port": 3000,
                        "name": ""
                      }
                    ],
                    "resources": [
                      {
                        "cpu_idle": false,
                        "limits": {
                          "cpu": "1",
                          "memory": "512Mi"
                        },
                        "startup_cpu_boost": false
                      }
                    ],
                    "startup_probe": [],
                    "volume_mounts": [],
                    "working_dir": ""
                  }
                ],
                "encryption_key": "",
                "execution_environment": "",
                "gpu_zonal_redundancy_disabled": false,
                "health_check_disabled": false,
                "labels": null,
                "max_instance_request_concurrency": 0,
                "node_selector": [],
                "revision": "",
                "scaling": [
                  {
                    "max_instance_count": 2,
                    "min_instance_count": 0
                  }
                ],
                "service_account": "run-oauth-flow@twitch-452523.iam.gserviceaccount.com",
                "session_affinity": false,
                "timeout": "",
                "volumes": [],
                "vpc_access": []
              }
            ],
            "terminal_condition": null,
            "terraform_labels": {
              "goog-terraform-provisioned": "true"
            },
            "timeouts": null,
            "traffic": null,
            "traffic_statuses": null,
            "uid": null,
            "update_time": null,
            "uri": null,
            "urls": null
          },
          "sensitive_attributes": [],
          "private": "eyJlMmJmYjczMC1lY2FhLTExZTYtOGY4OC0zNDM2M2JjN2M0YzAiOnsiY3JlYXRlIjoxMjAwMDAwMDAwMDAwLCJkZWxldGUiOjEyMDAwMDAwMDAwMDAsInVwZGF0ZSI6MTIwMDAwMDAwMDAwMH19",
          "dependencies": [
            "module.sa.google_service_account.runtime"
          ]
        }
      ]
    },
    {
      "module": "module.sa",
      "mode": "managed",
      "type": "google_project_iam_member",
      "name": "build_gar_writer",
      "provider": "provider[\"registry.terraform.io/hashicorp/google\"]",
      "instances": [
        {
          "schema_version": 0,
          "attributes": {
            "condition": [],
            "etag": "BwZDCW/vXsI=",
            "id": "twitch-452523/roles/artifactregistry.writer/serviceAccount:cloud-build-bb@twitch-452523.iam.gserviceaccount.com",
            "member": "serviceAccount:cloud-build-bb@twitch-452523.iam.gserviceaccount.com",
            "project": "twitch-452523",
            "role": "roles/artifactregistry.writer"
          },
          "sensitive_attributes": [],
          "private": "bnVsbA==",
          "dependencies": [
            "module.sa.google_service_account.build"
          ]
        }
      ]
    },
    {
      "module": "module.sa",
      "mode": "managed",
      "type": "google_project_iam_member",
      "name": "build_run_admin",
      "provider": "provider[\"registry.terraform.io/hashicorp/google\"]",
      "instances": [
        {
          "schema_version": 0,
          "attributes": {
            "condition": [],
            "etag": "BwZDCW/vXsI=",
            "id": "twitch-452523/roles/run.admin/serviceAccount:cloud-build-bb@twitch-452523.iam.gserviceaccount.com",
            "member": "serviceAccount:cloud-build-bb@twitch-452523.iam.gserviceaccount.com",
            "project": "twitch-452523",
            "role": "roles/run.admin"
          },
          "sensitive_attributes": [],
          "private": "bnVsbA==",
          "dependencies": [
            "module.sa.google_service_account.build"
          ]
        }
      ]
    },
    {
      "module": "module.sa",
      "mode": "managed",
      "type": "google_service_account",
      "name": "build",
      "provider": "provider[\"registry.terraform.io/hashicorp/google\"]",
      "instances": [
        {
          "schema_version": 0,
          "attributes": {
            "account_id": "cloud-build-bb",
            "create_ignore_already_exists": null,
            "description": "",
            "disabled": false,
            "display_name": "Cloud Build SA for BitBrat",
            "email": "cloud-build-bb@twitch-452523.iam.gserviceaccount.com",
            "id": "projects/twitch-452523/serviceAccounts/cloud-build-bb@twitch-452523.iam.gserviceaccount.com",
            "member": "serviceAccount:cloud-build-bb@twitch-452523.iam.gserviceaccount.com",
            "name": "projects/twitch-452523/serviceAccounts/cloud-build-bb@twitch-452523.iam.gserviceaccount.com",
            "project": "twitch-452523",
            "timeouts": null,
            "unique_id": "115103170943968283373"
          },
          "sensitive_attributes": [],
          "private": "eyJlMmJmYjczMC1lY2FhLTExZTYtOGY4OC0zNDM2M2JjN2M0YzAiOnsiY3JlYXRlIjozMDAwMDAwMDAwMDB9fQ=="
        }
      ]
    },
    {
      "module": "module.sa",
      "mode": "managed",
      "type": "google_service_account",
      "name": "runtime",
      "provider": "provider[\"registry.terraform.io/hashicorp/google\"]",
      "instances": [
        {
          "schema_version": 0,
          "attributes": {
            "account_id": "run-oauth-flow",
            "create_ignore_already_exists": null,
            "description": "",
            "disabled": false,
            "display_name": "Runtime SA for oauth-flow",
            "email": "run-oauth-flow@twitch-452523.iam.gserviceaccount.com",
            "id": "projects/twitch-452523/serviceAccounts/run-oauth-flow@twitch-452523.iam.gserviceaccount.com",
            "member": "serviceAccount:run-oauth-flow@twitch-452523.iam.gserviceaccount.com",
            "name": "projects/twitch-452523/serviceAccounts/run-oauth-flow@twitch-452523.iam.gserviceaccount.com",
            "project": "twitch-452523",
            "timeouts": null,
            "unique_id": "117152708513733797879"
          },
          "sensitive_attributes": [],
          "private": "eyJlMmJmYjczMC1lY2FhLTExZTYtOGY4OC0zNDM2M2JjN2M0YzAiOnsiY3JlYXRlIjozMDAwMDAwMDAwMDB9fQ=="
        }
      ]
    },
    {
      "module": "module.sa",
      "mode": "managed",
      "type": "google_service_account_iam_member",
      "name": "build_sauser_on_runtime",
      "provider": "provider[\"registry.terraform.io/hashicorp/google\"]",
      "instances": [
        {
          "schema_version": 0,
          "attributes": {
            "condition": [],
            "etag": "BwZC+Qs3nMw=",
            "id": "projects/twitch-452523/serviceAccounts/run-oauth-flow@twitch-452523.iam.gserviceaccount.com/roles/iam.serviceAccountUser/serviceAccount:cloud-build-bb@twitch-452523.iam.gserviceaccount.com",
            "member": "serviceAccount:cloud-build-bb@twitch-452523.iam.gserviceaccount.com",
            "role": "roles/iam.serviceAccountUser",
            "service_account_id": "projects/twitch-452523/serviceAccounts/run-oauth-flow@twitch-452523.iam.gserviceaccount.com"
          },
          "sensitive_attributes": [],
          "private": "bnVsbA==",
          "dependencies": [
            "module.sa.google_service_account.build",
            "module.sa.google_service_account.runtime"
          ]
        }
      ]
    }
  ],
  "check_results": null
}
