{
  "version": 4,
  "terraform_version": "1.5.5",
  "serial": 46,
  "lineage": "343154e9-add6-ff9e-11b7-0742e28769c0",
  "outputs": {
    "artifact_registry_repo": {
      "value": "bitbrat-services",
      "type": "string"
    },
    "build_sa_email": {
      "value": "cloud-build-bb@twitch-452523.iam.gserviceaccount.com",
      "type": "string"
    },
    "oauth_flow_service": {
      "value": {
        "name": "oauth-flow",
        "uri": "https://oauth-flow-rqvvursllq-uc.a.run.app"
      },
      "type": [
        "object",
        {
          "name": "string",
          "uri": "string"
        }
      ]
    },
    "runtime_sa_email": {
      "value": "run-oauth-flow@twitch-452523.iam.gserviceaccount.com",
      "type": "string"
    }
  },
  "resources": [
    {
      "module": "module.repo",
      "mode": "managed",
      "type": "google_artifact_registry_repository",
      "name": "this",
      "provider": "provider[\"registry.terraform.io/hashicorp/google\"]",
      "instances": [
        {
          "schema_version": 0,
          "attributes": {
            "cleanup_policies": [],
            "cleanup_policy_dry_run": false,
            "create_time": "2025-11-07T03:47:23.342793Z",
            "description": "BitBrat container images",
            "docker_config": [],
            "effective_labels": {
              "goog-terraform-provisioned": "true"
            },
            "format": "DOCKER",
            "id": "projects/twitch-452523/locations/us-central1/repositories/bitbrat-services",
            "kms_key_name": "",
            "labels": {},
            "location": "us-central1",
            "maven_config": [],
            "mode": "STANDARD_REPOSITORY",
            "name": "bitbrat-services",
            "project": "twitch-452523",
            "registry_uri": "us-central1-docker.pkg.dev/twitch-452523/bitbrat-services",
            "remote_repository_config": [],
            "repository_id": "bitbrat-services",
            "terraform_labels": {
              "goog-terraform-provisioned": "true"
            },
            "timeouts": null,
            "update_time": "2025-11-10T17:59:32.734682Z",
            "virtual_repository_config": [],
            "vulnerability_scanning_config": [
              {
                "enablement_config": "",
                "enablement_state": "SCANNING_DISABLED",
                "enablement_state_reason": "API containerscanning.googleapis.com is not enabled."
              }
            ]
          },
          "sensitive_attributes": [],
          "private": "eyJlMmJmYjczMC1lY2FhLTExZTYtOGY4OC0zNDM2M2JjN2M0YzAiOnsiY3JlYXRlIjoxMjAwMDAwMDAwMDAwLCJkZWxldGUiOjEyMDAwMDAwMDAwMDAsInVwZGF0ZSI6MTIwMDAwMDAwMDAwMH19"
        }
      ]
    },
    {
      "module": "module.run_oauth",
      "mode": "managed",
      "type": "google_cloud_run_v2_service",
      "name": "this",
      "provider": "provider[\"registry.terraform.io/hashicorp/google\"]",
      "instances": [
        {
          "schema_version": 0,
          "attributes": {
            "annotations": {},
            "binary_authorization": [],
            "build_config": [],
            "client": "",
            "client_version": "",
            "conditions": [
              {
                "execution_reason": "",
                "last_transition_time": "2025-11-10T01:32:58.238414Z",
                "message": "",
                "reason": "",
                "revision_reason": "",
                "severity": "",
                "state": "CONDITION_SUCCEEDED",
                "type": "RoutesReady"
              },
              {
                "execution_reason": "",
                "last_transition_time": "2025-11-10T01:32:02.975474Z",
                "message": "",
                "reason": "",
                "revision_reason": "",
                "severity": "",
                "state": "CONDITION_SUCCEEDED",
                "type": "ConfigurationsReady"
              }
            ],
            "create_time": "2025-11-07T03:47:38.617500Z",
            "creator": "terraform@twitch-452523.iam.gserviceaccount.com",
            "custom_audiences": [],
            "default_uri_disabled": false,
            "delete_time": "",
            "deletion_protection": false,
            "description": "",
            "effective_annotations": {},
            "effective_labels": {
              "goog-terraform-provisioned": "true"
            },
            "etag": "\"CI2BxcgGEJDNw8gB/cHJvamVjdHMvdHdpdGNoLTQ1MjUyMy9sb2NhdGlvbnMvdXMtY2VudHJhbDEvc2VydmljZXMvb2F1dGgtZmxvdw\"",
            "expire_time": "",
            "generation": "7",
            "id": "projects/twitch-452523/locations/us-central1/services/oauth-flow",
            "ingress": "INGRESS_TRAFFIC_ALL",
            "invoker_iam_disabled": false,
            "labels": {},
            "last_modifier": "terraform@twitch-452523.iam.gserviceaccount.com",
            "latest_created_revision": "projects/twitch-452523/locations/us-central1/services/oauth-flow/revisions/oauth-flow-00007-bbp",
            "latest_ready_revision": "projects/twitch-452523/locations/us-central1/services/oauth-flow/revisions/oauth-flow-00007-bbp",
            "launch_stage": "GA",
            "location": "us-central1",
            "multi_region_settings": [],
            "name": "oauth-flow",
            "observed_generation": "7",
            "project": "twitch-452523",
            "reconciling": false,
            "scaling": [],
            "template": [
              {
                "annotations": {},
                "containers": [
                  {
                    "args": [],
                    "base_image_uri": "",
                    "build_info": [],
                    "command": [],
                    "depends_on": [],
                    "env": [
                      {
                        "name": "LOG_LEVEL",
                        "value": "info",
                        "value_source": []
                      },
                      {
                        "name": "MESSAGE_BUS_DRIVER",
                        "value": "pubsub",
                        "value_source": []
                      },
                      {
                        "name": "OAUTH_STATE_SECRET",
                        "value": "",
                        "value_source": [
                          {
                            "secret_key_ref": [
                              {
                                "secret": "OAUTH_STATE_SECRET",
                                "version": "latest"
                              }
                            ]
                          }
                        ]
                      },
                      {
                        "name": "SERVICE_NAME",
                        "value": "oauth-flow",
                        "value_source": []
                      },
                      {
                        "name": "SERVICE_PORT",
                        "value": "3000",
                        "value_source": []
                      },
                      {
                        "name": "TWITCH_CLIENT_ID",
                        "value": "",
                        "value_source": [
                          {
                            "secret_key_ref": [
                              {
                                "secret": "TWITCH_CLIENT_ID",
                                "version": "latest"
                              }
                            ]
                          }
                        ]
                      },
                      {
                        "name": "TWITCH_CLIENT_SECRET",
                        "value": "",
                        "value_source": [
                          {
                            "secret_key_ref": [
                              {
                                "secret": "TWITCH_CLIENT_SECRET",
                                "version": "latest"
                              }
                            ]
                          }
                        ]
                      }
                    ],
                    "image": "us-central1-docker.pkg.dev/twitch-452523/bitbrat-services/oauth-flow:latest",
                    "liveness_probe": [],
                    "name": "",
                    "ports": [
                      {
                        "container_port": 3000,
                        "name": "http1"
                      }
                    ],
                    "resources": [
                      {
                        "cpu_idle": false,
                        "limits": {
                          "cpu": "1",
                          "memory": "512Mi"
                        },
                        "startup_cpu_boost": false
                      }
                    ],
                    "startup_probe": [
                      {
                        "failure_threshold": 1,
                        "grpc": [],
                        "http_get": [],
                        "initial_delay_seconds": 0,
                        "period_seconds": 240,
                        "tcp_socket": [
                          {
                            "port": 3000
                          }
                        ],
                        "timeout_seconds": 240
                      }
                    ],
                    "volume_mounts": [],
                    "working_dir": ""
                  }
                ],
                "encryption_key": "",
                "execution_environment": "",
                "gpu_zonal_redundancy_disabled": false,
                "health_check_disabled": false,
                "labels": {},
                "max_instance_request_concurrency": 80,
                "node_selector": [],
                "revision": "",
                "scaling": [
                  {
                    "max_instance_count": 2,
                    "min_instance_count": 0
                  }
                ],
                "service_account": "run-oauth-flow@twitch-452523.iam.gserviceaccount.com",
                "session_affinity": false,
                "timeout": "300s",
                "volumes": [],
                "vpc_access": []
              }
            ],
            "terminal_condition": [
              {
                "execution_reason": "",
                "last_transition_time": "2025-11-10T01:32:58.266648Z",
                "message": "",
                "reason": "",
                "revision_reason": "",
                "severity": "",
                "state": "CONDITION_SUCCEEDED",
                "type": "Ready"
              }
            ],
            "terraform_labels": {
              "goog-terraform-provisioned": "true"
            },
            "timeouts": null,
            "traffic": [
              {
                "percent": 100,
                "revision": "",
                "tag": "",
                "type": "TRAFFIC_TARGET_ALLOCATION_TYPE_LATEST"
              }
            ],
            "traffic_statuses": [
              {
                "percent": 100,
                "revision": "",
                "tag": "",
                "type": "TRAFFIC_TARGET_ALLOCATION_TYPE_LATEST",
                "uri": ""
              }
            ],
            "uid": "09df3050-61a1-4254-b1c3-8552a7957bbc",
            "update_time": "2025-11-10T01:31:57.420538Z",
            "uri": "https://oauth-flow-rqvvursllq-uc.a.run.app",
            "urls": [
              "https://oauth-flow-317974494807.us-central1.run.app",
              "https://oauth-flow-rqvvursllq-uc.a.run.app"
            ]
          },
          "sensitive_attributes": [],
          "private": "eyJlMmJmYjczMC1lY2FhLTExZTYtOGY4OC0zNDM2M2JjN2M0YzAiOnsiY3JlYXRlIjoxMjAwMDAwMDAwMDAwLCJkZWxldGUiOjEyMDAwMDAwMDAwMDAsInVwZGF0ZSI6MTIwMDAwMDAwMDAwMH19",
          "dependencies": [
            "module.sa.google_service_account.runtime"
          ]
        }
      ]
    },
    {
      "module": "module.run_oauth",
      "mode": "managed",
      "type": "google_cloud_run_v2_service_iam_member",
      "name": "unauth_invoker",
      "provider": "provider[\"registry.terraform.io/hashicorp/google\"]",
      "instances": [
        {
          "index_key": 0,
          "schema_version": 0,
          "attributes": {
            "condition": [],
            "etag": "BwZDBfh8utQ=",
            "id": "projects/twitch-452523/locations/us-central1/services/oauth-flow/roles/run.invoker/allUsers",
            "location": "us-central1",
            "member": "allUsers",
            "name": "projects/twitch-452523/locations/us-central1/services/oauth-flow",
            "project": "twitch-452523",
            "role": "roles/run.invoker"
          },
          "sensitive_attributes": [],
          "private": "bnVsbA==",
          "dependencies": [
            "module.run_oauth.google_cloud_run_v2_service.this",
            "module.sa.google_service_account.runtime"
          ]
        }
      ]
    },
    {
      "module": "module.sa",
      "mode": "managed",
      "type": "google_project_iam_member",
      "name": "build_gar_writer",
      "provider": "provider[\"registry.terraform.io/hashicorp/google\"]",
      "instances": [
        {
          "schema_version": 0,
          "attributes": {
            "condition": [],
            "etag": "BwZDCW/vXsI=",
            "id": "twitch-452523/roles/artifactregistry.writer/serviceAccount:cloud-build-bb@twitch-452523.iam.gserviceaccount.com",
            "member": "serviceAccount:cloud-build-bb@twitch-452523.iam.gserviceaccount.com",
            "project": "twitch-452523",
            "role": "roles/artifactregistry.writer"
          },
          "sensitive_attributes": [],
          "private": "bnVsbA==",
          "dependencies": [
            "module.sa.google_service_account.build"
          ]
        }
      ]
    },
    {
      "module": "module.sa",
      "mode": "managed",
      "type": "google_project_iam_member",
      "name": "build_run_admin",
      "provider": "provider[\"registry.terraform.io/hashicorp/google\"]",
      "instances": [
        {
          "schema_version": 0,
          "attributes": {
            "condition": [],
            "etag": "BwZDCW/vXsI=",
            "id": "twitch-452523/roles/run.admin/serviceAccount:cloud-build-bb@twitch-452523.iam.gserviceaccount.com",
            "member": "serviceAccount:cloud-build-bb@twitch-452523.iam.gserviceaccount.com",
            "project": "twitch-452523",
            "role": "roles/run.admin"
          },
          "sensitive_attributes": [],
          "private": "bnVsbA==",
          "dependencies": [
            "module.sa.google_service_account.build"
          ]
        }
      ]
    },
    {
      "module": "module.sa",
      "mode": "managed",
      "type": "google_service_account",
      "name": "build",
      "provider": "provider[\"registry.terraform.io/hashicorp/google\"]",
      "instances": [
        {
          "schema_version": 0,
          "attributes": {
            "account_id": "cloud-build-bb",
            "create_ignore_already_exists": null,
            "description": "",
            "disabled": false,
            "display_name": "Cloud Build SA for BitBrat",
            "email": "cloud-build-bb@twitch-452523.iam.gserviceaccount.com",
            "id": "projects/twitch-452523/serviceAccounts/cloud-build-bb@twitch-452523.iam.gserviceaccount.com",
            "member": "serviceAccount:cloud-build-bb@twitch-452523.iam.gserviceaccount.com",
            "name": "projects/twitch-452523/serviceAccounts/cloud-build-bb@twitch-452523.iam.gserviceaccount.com",
            "project": "twitch-452523",
            "timeouts": null,
            "unique_id": "115103170943968283373"
          },
          "sensitive_attributes": [],
          "private": "eyJlMmJmYjczMC1lY2FhLTExZTYtOGY4OC0zNDM2M2JjN2M0YzAiOnsiY3JlYXRlIjozMDAwMDAwMDAwMDB9fQ=="
        }
      ]
    },
    {
      "module": "module.sa",
      "mode": "managed",
      "type": "google_service_account",
      "name": "runtime",
      "provider": "provider[\"registry.terraform.io/hashicorp/google\"]",
      "instances": [
        {
          "schema_version": 0,
          "attributes": {
            "account_id": "run-oauth-flow",
            "create_ignore_already_exists": null,
            "description": "",
            "disabled": false,
            "display_name": "Runtime SA for oauth-flow",
            "email": "run-oauth-flow@twitch-452523.iam.gserviceaccount.com",
            "id": "projects/twitch-452523/serviceAccounts/run-oauth-flow@twitch-452523.iam.gserviceaccount.com",
            "member": "serviceAccount:run-oauth-flow@twitch-452523.iam.gserviceaccount.com",
            "name": "projects/twitch-452523/serviceAccounts/run-oauth-flow@twitch-452523.iam.gserviceaccount.com",
            "project": "twitch-452523",
            "timeouts": null,
            "unique_id": "117152708513733797879"
          },
          "sensitive_attributes": [],
          "private": "eyJlMmJmYjczMC1lY2FhLTExZTYtOGY4OC0zNDM2M2JjN2M0YzAiOnsiY3JlYXRlIjozMDAwMDAwMDAwMDB9fQ=="
        }
      ]
    },
    {
      "module": "module.sa",
      "mode": "managed",
      "type": "google_service_account_iam_member",
      "name": "build_sauser_on_runtime",
      "provider": "provider[\"registry.terraform.io/hashicorp/google\"]",
      "instances": [
        {
          "schema_version": 0,
          "attributes": {
            "condition": [],
            "etag": "BwZC+Qs3nMw=",
            "id": "projects/twitch-452523/serviceAccounts/run-oauth-flow@twitch-452523.iam.gserviceaccount.com/roles/iam.serviceAccountUser/serviceAccount:cloud-build-bb@twitch-452523.iam.gserviceaccount.com",
            "member": "serviceAccount:cloud-build-bb@twitch-452523.iam.gserviceaccount.com",
            "role": "roles/iam.serviceAccountUser",
            "service_account_id": "projects/twitch-452523/serviceAccounts/run-oauth-flow@twitch-452523.iam.gserviceaccount.com"
          },
          "sensitive_attributes": [],
          "private": "bnVsbA==",
          "dependencies": [
            "module.sa.google_service_account.build",
            "module.sa.google_service_account.runtime"
          ]
        }
      ]
    },
    {
      "module": "module.secrets",
      "mode": "managed",
      "type": "google_secret_manager_secret",
      "name": "secrets",
      "provider": "provider[\"registry.terraform.io/hashicorp/google\"]",
      "instances": [
        {
          "index_key": "OAUTH_STATE_SECRET",
          "schema_version": 0,
          "attributes": {
            "annotations": {},
            "create_time": "2025-10-27T17:56:09.615971Z",
            "deletion_protection": false,
            "effective_annotations": {},
            "effective_labels": {},
            "expire_time": "",
            "id": "projects/twitch-452523/secrets/OAUTH_STATE_SECRET",
            "labels": {},
            "name": "projects/317974494807/secrets/OAUTH_STATE_SECRET",
            "project": "twitch-452523",
            "replication": [
              {
                "auto": [
                  {
                    "customer_managed_encryption": []
                  }
                ],
                "user_managed": []
              }
            ],
            "rotation": [],
            "secret_id": "OAUTH_STATE_SECRET",
            "tags": null,
            "terraform_labels": {},
            "timeouts": null,
            "topics": [],
            "ttl": null,
            "version_aliases": {},
            "version_destroy_ttl": ""
          },
          "sensitive_attributes": [],
          "private": "eyJlMmJmYjczMC1lY2FhLTExZTYtOGY4OC0zNDM2M2JjN2M0YzAiOnsiY3JlYXRlIjoxMjAwMDAwMDAwMDAwLCJkZWxldGUiOjEyMDAwMDAwMDAwMDAsInVwZGF0ZSI6MTIwMDAwMDAwMDAwMH0sInNjaGVtYV92ZXJzaW9uIjoiMCJ9"
        },
        {
          "index_key": "TWITCH_CLIENT_ID",
          "schema_version": 0,
          "attributes": {
            "annotations": {},
            "create_time": "2025-06-02T15:39:37.357826Z",
            "deletion_protection": false,
            "effective_annotations": {},
            "effective_labels": {},
            "expire_time": "",
            "id": "projects/twitch-452523/secrets/TWITCH_CLIENT_ID",
            "labels": {},
            "name": "projects/317974494807/secrets/TWITCH_CLIENT_ID",
            "project": "twitch-452523",
            "replication": [
              {
                "auto": [
                  {
                    "customer_managed_encryption": []
                  }
                ],
                "user_managed": []
              }
            ],
            "rotation": [],
            "secret_id": "TWITCH_CLIENT_ID",
            "tags": null,
            "terraform_labels": {},
            "timeouts": null,
            "topics": [],
            "ttl": null,
            "version_aliases": {},
            "version_destroy_ttl": ""
          },
          "sensitive_attributes": [],
          "private": "eyJlMmJmYjczMC1lY2FhLTExZTYtOGY4OC0zNDM2M2JjN2M0YzAiOnsiY3JlYXRlIjoxMjAwMDAwMDAwMDAwLCJkZWxldGUiOjEyMDAwMDAwMDAwMDAsInVwZGF0ZSI6MTIwMDAwMDAwMDAwMH0sInNjaGVtYV92ZXJzaW9uIjoiMCJ9"
        },
        {
          "index_key": "TWITCH_CLIENT_SECRET",
          "schema_version": 0,
          "attributes": {
            "annotations": {},
            "create_time": "2025-06-02T15:39:53.616414Z",
            "deletion_protection": false,
            "effective_annotations": {},
            "effective_labels": {},
            "expire_time": "",
            "id": "projects/twitch-452523/secrets/TWITCH_CLIENT_SECRET",
            "labels": {},
            "name": "projects/317974494807/secrets/TWITCH_CLIENT_SECRET",
            "project": "twitch-452523",
            "replication": [
              {
                "auto": [
                  {
                    "customer_managed_encryption": []
                  }
                ],
                "user_managed": []
              }
            ],
            "rotation": [],
            "secret_id": "TWITCH_CLIENT_SECRET",
            "tags": null,
            "terraform_labels": {},
            "timeouts": null,
            "topics": [],
            "ttl": null,
            "version_aliases": {},
            "version_destroy_ttl": ""
          },
          "sensitive_attributes": [],
          "private": "eyJlMmJmYjczMC1lY2FhLTExZTYtOGY4OC0zNDM2M2JjN2M0YzAiOnsiY3JlYXRlIjoxMjAwMDAwMDAwMDAwLCJkZWxldGUiOjEyMDAwMDAwMDAwMDAsInVwZGF0ZSI6MTIwMDAwMDAwMDAwMH0sInNjaGVtYV92ZXJzaW9uIjoiMCJ9"
        }
      ]
    },
    {
      "module": "module.secrets",
      "mode": "managed",
      "type": "google_secret_manager_secret_iam_member",
      "name": "access",
      "provider": "provider[\"registry.terraform.io/hashicorp/google\"]",
      "instances": [
        {
          "index_key": "OAUTH_STATE_SECRET",
          "schema_version": 0,
          "attributes": {
            "condition": [],
            "etag": "BwZDAmfwlUA=",
            "id": "projects/twitch-452523/secrets/OAUTH_STATE_SECRET/roles/secretmanager.secretAccessor/serviceAccount:run-oauth-flow@twitch-452523.iam.gserviceaccount.com",
            "member": "serviceAccount:run-oauth-flow@twitch-452523.iam.gserviceaccount.com",
            "project": "twitch-452523",
            "role": "roles/secretmanager.secretAccessor",
            "secret_id": "projects/twitch-452523/secrets/OAUTH_STATE_SECRET"
          },
          "sensitive_attributes": [],
          "private": "bnVsbA==",
          "dependencies": [
            "module.sa.google_service_account.runtime",
            "module.secrets.google_secret_manager_secret.secrets"
          ]
        },
        {
          "index_key": "TWITCH_CLIENT_ID",
          "schema_version": 0,
          "attributes": {
            "condition": [],
            "etag": "BwZDAmfwmR0=",
            "id": "projects/twitch-452523/secrets/TWITCH_CLIENT_ID/roles/secretmanager.secretAccessor/serviceAccount:run-oauth-flow@twitch-452523.iam.gserviceaccount.com",
            "member": "serviceAccount:run-oauth-flow@twitch-452523.iam.gserviceaccount.com",
            "project": "twitch-452523",
            "role": "roles/secretmanager.secretAccessor",
            "secret_id": "projects/twitch-452523/secrets/TWITCH_CLIENT_ID"
          },
          "sensitive_attributes": [],
          "private": "bnVsbA==",
          "dependencies": [
            "module.sa.google_service_account.runtime",
            "module.secrets.google_secret_manager_secret.secrets"
          ]
        },
        {
          "index_key": "TWITCH_CLIENT_SECRET",
          "schema_version": 0,
          "attributes": {
            "condition": [],
            "etag": "BwZDAmfwlYw=",
            "id": "projects/twitch-452523/secrets/TWITCH_CLIENT_SECRET/roles/secretmanager.secretAccessor/serviceAccount:run-oauth-flow@twitch-452523.iam.gserviceaccount.com",
            "member": "serviceAccount:run-oauth-flow@twitch-452523.iam.gserviceaccount.com",
            "project": "twitch-452523",
            "role": "roles/secretmanager.secretAccessor",
            "secret_id": "projects/twitch-452523/secrets/TWITCH_CLIENT_SECRET"
          },
          "sensitive_attributes": [],
          "private": "bnVsbA==",
          "dependencies": [
            "module.sa.google_service_account.runtime",
            "module.secrets.google_secret_manager_secret.secrets"
          ]
        }
      ]
    }
  ],
  "check_results": null
}
